
Microsoft Visual Studio Solution File, Format Version 12.00
# Visual Studio Version 17
VisualStudioVersion = 17.7.34221.43
MinimumVisualStudioVersion = 10.0.40219.1
Project("{FAE04EC0-301F-11D3-BF4B-00C04F79EFBC}") = "WebStoreApi", "WebStoreApi\WebStoreApi.csproj", "{4F7D7EBF-8AF8-46BA-AA71-F9411BA727D1}"
EndProject
Global
	GlobalSection(SolutionConfigurationPlatforms) = preSolution
		Debug|Any CPU = Debug|Any CPU
		Release|Any CPU = Release|Any CPU
	EndGlobalSection
	GlobalSection(ProjectConfigurationPlatforms) = postSolution
		{4F7D7EBF-8AF8-46BA-AA71-F9411BA727D1}.Debug|Any CPU.ActiveCfg = Debug|Any CPU
		{4F7D7EBF-8AF8-46BA-AA71-F9411BA727D1}.Debug|Any CPU.Build.0 = Debug|Any CPU
		{4F7D7EBF-8AF8-46BA-AA71-F9411BA727D1}.Release|Any CPU.ActiveCfg = Release|Any CPU
		{4F7D7EBF-8AF8-46BA-AA71-F9411BA727D1}.Release|Any CPU.Build.0 = Release|Any CPU
	EndGlobalSection
	GlobalSection(SolutionProperties) = preSolution
		HideSolutionNode = FALSE
	EndGlobalSection
	GlobalSection(ExtensibilityGlobals) = postSolution
		SolutionGuid = {28A67365-D5AE-4233-B0AE-3E4DD19F9F0F}
	EndGlobalSection
EndGlobal
